// !$*UTF8*$!
{
	archiveVersion = 1;
	classes = {
	};
	objectVersion = 56;
	objects = {

/* Begin PBXBuildFile section */
		C03699D82998FEF40027AF5C /* AlamofireImage in Frameworks */ = {isa = PBXBuildFile; productRef = C03699D72998FEF40027AF5C /* AlamofireImage */; };
		C04372DF298D4FEC00450F96 /* NetworkManager.swift in Sources */ = {isa = PBXBuildFile; fileRef = C04372DE298D4FEC00450F96 /* NetworkManager.swift */; };
		C04372E1298D5B2200450F96 /* CoctailListViewController.swift in Sources */ = {isa = PBXBuildFile; fileRef = C04372E0298D5B2200450F96 /* CoctailListViewController.swift */; };
		C04372E3298D618F00450F96 /* CoctailTableViewCell.swift in Sources */ = {isa = PBXBuildFile; fileRef = C04372E2298D618F00450F96 /* CoctailTableViewCell.swift */; };
		C08657D3298809D800477872 /* AppDelegate.swift in Sources */ = {isa = PBXBuildFile; fileRef = C08657D2298809D800477872 /* AppDelegate.swift */; };
		C08657D5298809D800477872 /* SceneDelegate.swift in Sources */ = {isa = PBXBuildFile; fileRef = C08657D4298809D800477872 /* SceneDelegate.swift */; };
		C08657DA298809D800477872 /* Main.storyboard in Resources */ = {isa = PBXBuildFile; fileRef = C08657D8298809D800477872 /* Main.storyboard */; };
		C08657DC298809DA00477872 /* Assets.xcassets in Resources */ = {isa = PBXBuildFile; fileRef = C08657DB298809DA00477872 /* Assets.xcassets */; };
		C08657DF298809DA00477872 /* LaunchScreen.storyboard in Resources */ = {isa = PBXBuildFile; fileRef = C08657DD298809DA00477872 /* LaunchScreen.storyboard */; };
		C0B766DC2992852700EB020E /* Alamofire in Frameworks */ = {isa = PBXBuildFile; productRef = C0B766DB2992852700EB020E /* Alamofire */; };
		C0B9CD4F298814EE000B5366 /* InformationViewController.swift in Sources */ = {isa = PBXBuildFile; fileRef = C0B9CD4E298814EE000B5366 /* InformationViewController.swift */; };
		C0B9CD5B298936A0000B5366 /* Coctail.swift in Sources */ = {isa = PBXBuildFile; fileRef = C0B9CD5A298936A0000B5366 /* Coctail.swift */; };
/* End PBXBuildFile section */

/* Begin PBXFileReference section */
		C04372DE298D4FEC00450F96 /* NetworkManager.swift */ = {isa = PBXFileReference; lastKnownFileType = sourcecode.swift; path = NetworkManager.swift; sourceTree = "<group>"; };
		C04372E0298D5B2200450F96 /* CoctailListViewController.swift */ = {isa = PBXFileReference; lastKnownFileType = sourcecode.swift; path = CoctailListViewController.swift; sourceTree = "<group>"; };
		C04372E2298D618F00450F96 /* CoctailTableViewCell.swift */ = {isa = PBXFileReference; lastKnownFileType = sourcecode.swift; path = CoctailTableViewCell.swift; sourceTree = "<group>"; };
		C08657CF298809D800477872 /* TheCoctailsAPI.app */ = {isa = PBXFileReference; explicitFileType = wrapper.application; includeInIndex = 0; path = TheCoctailsAPI.app; sourceTree = BUILT_PRODUCTS_DIR; };
		C08657D2298809D800477872 /* AppDelegate.swift */ = {isa = PBXFileReference; lastKnownFileType = sourcecode.swift; path = AppDelegate.swift; sourceTree = "<group>"; };
		C08657D4298809D800477872 /* SceneDelegate.swift */ = {isa = PBXFileReference; lastKnownFileType = sourcecode.swift; path = SceneDelegate.swift; sourceTree = "<group>"; };
		C08657D9298809D800477872 /* Base */ = {isa = PBXFileReference; lastKnownFileType = file.storyboard; name = Base; path = Base.lproj/Main.storyboard; sourceTree = "<group>"; };
		C08657DB298809DA00477872 /* Assets.xcassets */ = {isa = PBXFileReference; lastKnownFileType = folder.assetcatalog; path = Assets.xcassets; sourceTree = "<group>"; };
		C08657DE298809DA00477872 /* Base */ = {isa = PBXFileReference; lastKnownFileType = file.storyboard; name = Base; path = Base.lproj/LaunchScreen.storyboard; sourceTree = "<group>"; };
		C08657E0298809DA00477872 /* Info.plist */ = {isa = PBXFileReference; lastKnownFileType = text.plist.xml; path = Info.plist; sourceTree = "<group>"; };
		C0B9CD4E298814EE000B5366 /* InformationViewController.swift */ = {isa = PBXFileReference; lastKnownFileType = sourcecode.swift; path = InformationViewController.swift; sourceTree = "<group>"; };
		C0B9CD5A298936A0000B5366 /* Coctail.swift */ = {isa = PBXFileReference; lastKnownFileType = sourcecode.swift; path = Coctail.swift; sourceTree = "<group>"; };
/* End PBXFileReference section */

/* Begin PBXFrameworksBuildPhase section */
		C08657CC298809D800477872 /* Frameworks */ = {
			isa = PBXFrameworksBuildPhase;
			buildActionMask = 2147483647;
			files = (
				C0B766DC2992852700EB020E /* Alamofire in Frameworks */,
				C03699D82998FEF40027AF5C /* AlamofireImage in Frameworks */,
			);
			runOnlyForDeploymentPostprocessing = 0;
		};
/* End PBXFrameworksBuildPhase section */

/* Begin PBXGroup section */
		C08657C6298809D800477872 = {
			isa = PBXGroup;
			children = (
				C08657D1298809D800477872 /* TheCoctailsAPI */,
				C08657D0298809D800477872 /* Products */,
			);
			sourceTree = "<group>";
		};
		C08657D0298809D800477872 /* Products */ = {
			isa = PBXGroup;
			children = (
				C08657CF298809D800477872 /* TheCoctailsAPI.app */,
			);
			name = Products;
			sourceTree = "<group>";
		};
		C08657D1298809D800477872 /* TheCoctailsAPI */ = {
			isa = PBXGroup;
			children = (
				C08657E6298809E600477872 /* App */,
				C08657E729880A0200477872 /* ViewControllers */,
				C0B9CD55298817EC000B5366 /* Views */,
				C08657E929880A2600477872 /* Models */,
				C0B9CD54298817AD000B5366 /* Servises */,
				C08657E829880A0F00477872 /* Storyboards */,
				C08657DB298809DA00477872 /* Assets.xcassets */,
			);
			path = TheCoctailsAPI;
			sourceTree = "<group>";
		};
		C08657E6298809E600477872 /* App */ = {
			isa = PBXGroup;
			children = (
				C08657D2298809D800477872 /* AppDelegate.swift */,
				C08657D4298809D800477872 /* SceneDelegate.swift */,
				C08657E0298809DA00477872 /* Info.plist */,
			);
			path = App;
			sourceTree = "<group>";
		};
		C08657E729880A0200477872 /* ViewControllers */ = {
			isa = PBXGroup;
			children = (
				C04372E0298D5B2200450F96 /* CoctailListViewController.swift */,
				C0B9CD4E298814EE000B5366 /* InformationViewController.swift */,
			);
			path = ViewControllers;
			sourceTree = "<group>";
		};
		C08657E829880A0F00477872 /* Storyboards */ = {
			isa = PBXGroup;
			children = (
				C08657D8298809D800477872 /* Main.storyboard */,
				C08657DD298809DA00477872 /* LaunchScreen.storyboard */,
			);
			path = Storyboards;
			sourceTree = "<group>";
		};
		C08657E929880A2600477872 /* Models */ = {
			isa = PBXGroup;
			children = (
				C0B9CD5A298936A0000B5366 /* Coctail.swift */,
			);
			path = Models;
			sourceTree = "<group>";
		};
		C0B9CD54298817AD000B5366 /* Servises */ = {
			isa = PBXGroup;
			children = (
				C04372DE298D4FEC00450F96 /* NetworkManager.swift */,
			);
			path = Servises;
			sourceTree = "<group>";
		};
		C0B9CD55298817EC000B5366 /* Views */ = {
			isa = PBXGroup;
			children = (
				C04372E2298D618F00450F96 /* CoctailTableViewCell.swift */,
			);
			path = Views;
			sourceTree = "<group>";
		};
/* End PBXGroup section */

/* Begin PBXNativeTarget section */
		C08657CE298809D800477872 /* TheCoctailsAPI */ = {
			isa = PBXNativeTarget;
			buildConfigurationList = C08657E3298809DA00477872 /* Build configuration list for PBXNativeTarget "TheCoctailsAPI" */;
			buildPhases = (
				C08657CB298809D800477872 /* Sources */,
				C08657CC298809D800477872 /* Frameworks */,
				C08657CD298809D800477872 /* Resources */,
			);
			buildRules = (
			);
			dependencies = (
			);
			name = TheCoctailsAPI;
			packageProductDependencies = (
				C0B766DB2992852700EB020E /* Alamofire */,
				C03699D72998FEF40027AF5C /* AlamofireImage */,
			);
			productName = TheCoctailsAPI;
			productReference = C08657CF298809D800477872 /* TheCoctailsAPI.app */;
			productType = "com.apple.product-type.application";
		};
/* End PBXNativeTarget section */

/* Begin PBXProject section */
		C08657C7298809D800477872 /* Project object */ = {
			isa = PBXProject;
			attributes = {
				BuildIndependentTargetsInParallel = 1;
				LastSwiftUpdateCheck = 1420;
				LastUpgradeCheck = 1420;
				TargetAttributes = {
					C08657CE298809D800477872 = {
						CreatedOnToolsVersion = 14.2;
					};
				};
			};
			buildConfigurationList = C08657CA298809D800477872 /* Build configuration list for PBXProject "TheCoctailsAPI" */;
			compatibilityVersion = "Xcode 14.0";
			developmentRegion = en;
			hasScannedForEncodings = 0;
			knownRegions = (
				en,
				Base,
			);
			mainGroup = C08657C6298809D800477872;
			packageReferences = (
				C0B766DA2992852700EB020E /* XCRemoteSwiftPackageReference "Alamofire" */,
				C03699D62998FEF40027AF5C /* XCRemoteSwiftPackageReference "AlamofireImage" */,
			);
			productRefGroup = C08657D0298809D800477872 /* Products */;
			projectDirPath = "";
			projectRoot = "";
			targets = (
				C08657CE298809D800477872 /* TheCoctailsAPI */,
			);
		};
/* End PBXProject section */

/* Begin PBXResourcesBuildPhase section */
		C08657CD298809D800477872 /* Resources */ = {
			isa = PBXResourcesBuildPhase;
			buildActionMask = 2147483647;
			files = (
				C08657DF298809DA00477872 /* LaunchScreen.storyboard in Resources */,
				C08657DC298809DA00477872 /* Assets.xcassets in Resources */,
				C08657DA298809D800477872 /* Main.storyboard in Resources */,
			);
			runOnlyForDeploymentPostprocessing = 0;
		};
/* End PBXResourcesBuildPhase section */

/* Begin PBXSourcesBuildPhase section */
		C08657CB298809D800477872 /* Sources */ = {
			isa = PBXSourcesBuildPhase;
			buildActionMask = 2147483647;
			files = (
				C08657D3298809D800477872 /* AppDelegate.swift in Sources */,
				C04372E3298D618F00450F96 /* CoctailTableViewCell.swift in Sources */,
				C08657D5298809D800477872 /* SceneDelegate.swift in Sources */,
				C0B9CD4F298814EE000B5366 /* InformationViewController.swift in Sources */,
				C0B9CD5B298936A0000B5366 /* Coctail.swift in Sources */,
				C04372E1298D5B2200450F96 /* CoctailListViewController.swift in Sources */,
				C04372DF298D4FEC00450F96 /* NetworkManager.swift in Sources */,
			);
			runOnlyForDeploymentPostprocessing = 0;
		};
/* End PBXSourcesBuildPhase section */

/* Begin PBXVariantGroup section */
		C08657D8298809D800477872 /* Main.storyboard */ = {
			isa = PBXVariantGroup;
			children = (
				C08657D9298809D800477872 /* Base */,
			);
			name = Main.storyboard;
			sourceTree = "<group>";
		};
		C08657DD298809DA00477872 /* LaunchScreen.storyboard */ = {
			isa = PBXVariantGroup;
			children = (
				C08657DE298809DA00477872 /* Base */,
			);
			name = LaunchScreen.storyboard;
			sourceTree = "<group>";
		};
/* End PBXVariantGroup section */

/* Begin XCBuildConfiguration section */
		C08657E1298809DA00477872 /* Debug */ = {
			isa = XCBuildConfiguration;
			buildSettings = {
				ALWAYS_SEARCH_USER_PATHS = NO;
				CLANG_ANALYZER_NONNULL = YES;
				CLANG_ANALYZER_NUMBER_OBJECT_CONVERSION = YES_AGGRESSIVE;
				CLANG_CXX_LANGUAGE_STANDARD = "gnu++20";
				CLANG_ENABLE_MODULES = YES;
				CLANG_ENABLE_OBJC_ARC = YES;
				CLANG_ENABLE_OBJC_WEAK = YES;
				CLANG_WARN_BLOCK_CAPTURE_AUTORELEASING = YES;
				CLANG_WARN_BOOL_CONVERSION = YES;
				CLANG_WARN_COMMA = YES;
				CLANG_WARN_CONSTANT_CONVERSION = YES;
				CLANG_WARN_DEPRECATED_OBJC_IMPLEMENTATIONS = YES;
				CLANG_WARN_DIRECT_OBJC_ISA_USAGE = YES_ERROR;
				CLANG_WARN_DOCUMENTATION_COMMENTS = YES;
				CLANG_WARN_EMPTY_BODY = YES;
				CLANG_WARN_ENUM_CONVERSION = YES;
				CLANG_WARN_INFINITE_RECURSION = YES;
				CLANG_WARN_INT_CONVERSION = YES;
				CLANG_WARN_NON_LITERAL_NULL_CONVERSION = YES;
				CLANG_WARN_OBJC_IMPLICIT_RETAIN_SELF = YES;
				CLANG_WARN_OBJC_LITERAL_CONVERSION = YES;
				CLANG_WARN_OBJC_ROOT_CLASS = YES_ERROR;
				CLANG_WARN_QUOTED_INCLUDE_IN_FRAMEWORK_HEADER = YES;
				CLANG_WARN_RANGE_LOOP_ANALYSIS = YES;
				CLANG_WARN_STRICT_PROTOTYPES = YES;
				CLANG_WARN_SUSPICIOUS_MOVE = YES;
				CLANG_WARN_UNGUARDED_AVAILABILITY = YES_AGGRESSIVE;
				CLANG_WARN_UNREACHABLE_CODE = YES;
				CLANG_WARN__DUPLICATE_METHOD_MATCH = YES;
				COPY_PHASE_STRIP = NO;
				DEBUG_INFORMATION_FORMAT = dwarf;
				ENABLE_STRICT_OBJC_MSGSEND = YES;
				ENABLE_TESTABILITY = YES;
				GCC_C_LANGUAGE_STANDARD = gnu11;
				GCC_DYNAMIC_NO_PIC = NO;
				GCC_NO_COMMON_BLOCKS = YES;
				GCC_OPTIMIZATION_LEVEL = 0;
				GCC_PREPROCESSOR_DEFINITIONS = (
					"DEBUG=1",
					"$(inherited)",
				);
				GCC_WARN_64_TO_32_BIT_CONVERSION = YES;
				GCC_WARN_ABOUT_RETURN_TYPE = YES_ERROR;
				GCC_WARN_UNDECLARED_SELECTOR = YES;
				GCC_WARN_UNINITIALIZED_AUTOS = YES_AGGRESSIVE;
				GCC_WARN_UNUSED_FUNCTION = YES;
				GCC_WARN_UNUSED_VARIABLE = YES;
				IPHONEOS_DEPLOYMENT_TARGET = 16.2;
				MTL_ENABLE_DEBUG_INFO = INCLUDE_SOURCE;
				MTL_FAST_MATH = YES;
				ONLY_ACTIVE_ARCH = YES;
				SDKROOT = iphoneos;
				SWIFT_ACTIVE_COMPILATION_CONDITIONS = DEBUG;
				SWIFT_OPTIMIZATION_LEVEL = "-Onone";
			};
			name = Debug;
		};
		C08657E2298809DA00477872 /* Release */ = {
			isa = XCBuildConfiguration;
			buildSettings = {
				ALWAYS_SEARCH_USER_PATHS = NO;
				CLANG_ANALYZER_NONNULL = YES;
				CLANG_ANALYZER_NUMBER_OBJECT_CONVERSION = YES_AGGRESSIVE;
				CLANG_CXX_LANGUAGE_STANDARD = "gnu++20";
				CLANG_ENABLE_MODULES = YES;
				CLANG_ENABLE_OBJC_ARC = YES;
				CLANG_ENABLE_OBJC_WEAK = YES;
				CLANG_WARN_BLOCK_CAPTURE_AUTORELEASING = YES;
				CLANG_WARN_BOOL_CONVERSION = YES;
				CLANG_WARN_COMMA = YES;
				CLANG_WARN_CONSTANT_CONVERSION = YES;
				CLANG_WARN_DEPRECATED_OBJC_IMPLEMENTATIONS = YES;
				CLANG_WARN_DIRECT_OBJC_ISA_USAGE = YES_ERROR;
				CLANG_WARN_DOCUMENTATION_COMMENTS = YES;
				CLANG_WARN_EMPTY_BODY = YES;
				CLANG_WARN_ENUM_CONVERSION = YES;
				CLANG_WARN_INFINITE_RECURSION = YES;
				CLANG_WARN_INT_CONVERSION = YES;
				CLANG_WARN_NON_LITERAL_NULL_CONVERSION = YES;
				CLANG_WARN_OBJC_IMPLICIT_RETAIN_SELF = YES;
				CLANG_WARN_OBJC_LITERAL_CONVERSION = YES;
				CLANG_WARN_OBJC_ROOT_CLASS = YES_ERROR;
				CLANG_WARN_QUOTED_INCLUDE_IN_FRAMEWORK_HEADER = YES;
				CLANG_WARN_RANGE_LOOP_ANALYSIS = YES;
				CLANG_WARN_STRICT_PROTOTYPES = YES;
				CLANG_WARN_SUSPICIOUS_MOVE = YES;
				CLANG_WARN_UNGUARDED_AVAILABILITY = YES_AGGRESSIVE;
				CLANG_WARN_UNREACHABLE_CODE = YES;
				CLANG_WARN__DUPLICATE_METHOD_MATCH = YES;
				COPY_PHASE_STRIP = NO;
				DEBUG_INFORMATION_FORMAT = "dwarf-with-dsym";
				ENABLE_NS_ASSERTIONS = NO;
				ENABLE_STRICT_OBJC_MSGSEND = YES;
				GCC_C_LANGUAGE_STANDARD = gnu11;
				GCC_NO_COMMON_BLOCKS = YES;
				GCC_WARN_64_TO_32_BIT_CONVERSION = YES;
				GCC_WARN_ABOUT_RETURN_TYPE = YES_ERROR;
				GCC_WARN_UNDECLARED_SELECTOR = YES;
				GCC_WARN_UNINITIALIZED_AUTOS = YES_AGGRESSIVE;
				GCC_WARN_UNUSED_FUNCTION = YES;
				GCC_WARN_UNUSED_VARIABLE = YES;
				IPHONEOS_DEPLOYMENT_TARGET = 16.2;
				MTL_ENABLE_DEBUG_INFO = NO;
				MTL_FAST_MATH = YES;
				SDKROOT = iphoneos;
				SWIFT_COMPILATION_MODE = wholemodule;
				SWIFT_OPTIMIZATION_LEVEL = "-O";
				VALIDATE_PRODUCT = YES;
			};
			name = Release;
		};
		C08657E4298809DA00477872 /* Debug */ = {
			isa = XCBuildConfiguration;
			buildSettings = {
				ASSETCATALOG_COMPILER_APPICON_NAME = AppIcon;
				ASSETCATALOG_COMPILER_GLOBAL_ACCENT_COLOR_NAME = AccentColor;
				CODE_SIGN_STYLE = Automatic;
				CURRENT_PROJECT_VERSION = 1;
				DEVELOPMENT_TEAM = C5T3VHXRCH;
				GENERATE_INFOPLIST_FILE = YES;
				INFOPLIST_FILE = TheCoctailsAPI/App/Info.plist;
				INFOPLIST_KEY_UIApplicationSupportsIndirectInputEvents = YES;
				INFOPLIST_KEY_UILaunchStoryboardName = LaunchScreen;
				INFOPLIST_KEY_UIMainStoryboardFile = Main;
				INFOPLIST_KEY_UISupportedInterfaceOrientations_iPad = "UIInterfaceOrientationPortrait UIInterfaceOrientationPortraitUpsideDown UIInterfaceOrientationLandscapeLeft UIInterfaceOrientationLandscapeRight";
				INFOPLIST_KEY_UISupportedInterfaceOrientations_iPhone = "UIInterfaceOrientationPortrait UIInterfaceOrientationLandscapeLeft UIInterfaceOrientationLandscapeRight";
				IPHONEOS_DEPLOYMENT_TARGET = 15.5;
				LD_RUNPATH_SEARCH_PATHS = (
					"$(inherited)",
					"@executable_path/Frameworks",
				);
				MARKETING_VERSION = 1.0;
				PRODUCT_BUNDLE_IDENTIFIER = ru.armen.TheCoctailsAPI;
				PRODUCT_NAME = "$(TARGET_NAME)";
				SWIFT_EMIT_LOC_STRINGS = YES;
				SWIFT_VERSION = 5.0;
				TARGETED_DEVICE_FAMILY = "1,2";
			};
			name = Debug;
		};
		C08657E5298809DA00477872 /* Release */ = {
			isa = XCBuildConfiguration;
			buildSettings = {
				ASSETCATALOG_COMPILER_APPICON_NAME = AppIcon;
				ASSETCATALOG_COMPILER_GLOBAL_ACCENT_COLOR_NAME = AccentColor;
				CODE_SIGN_STYLE = Automatic;
				CURRENT_PROJECT_VERSION = 1;
				DEVELOPMENT_TEAM = C5T3VHXRCH;
				GENERATE_INFOPLIST_FILE = YES;
				INFOPLIST_FILE = TheCoctailsAPI/App/Info.plist;
				INFOPLIST_KEY_UIApplicationSupportsIndirectInputEvents = YES;
				INFOPLIST_KEY_UILaunchStoryboardName = LaunchScreen;
				INFOPLIST_KEY_UIMainStoryboardFile = Main;
				INFOPLIST_KEY_UISupportedInterfaceOrientations_iPad = "UIInterfaceOrientationPortrait UIInterfaceOrientationPortraitUpsideDown UIInterfaceOrientationLandscapeLeft UIInterfaceOrientationLandscapeRight";
				INFOPLIST_KEY_UISupportedInterfaceOrientations_iPhone = "UIInterfaceOrientationPortrait UIInterfaceOrientationLandscapeLeft UIInterfaceOrientationLandscapeRight";
				IPHONEOS_DEPLOYMENT_TARGET = 15.5;
				LD_RUNPATH_SEARCH_PATHS = (
					"$(inherited)",
					"@executable_path/Frameworks",
				);
				MARKETING_VERSION = 1.0;
				PRODUCT_BUNDLE_IDENTIFIER = ru.armen.TheCoctailsAPI;
				PRODUCT_NAME = "$(TARGET_NAME)";
				SWIFT_EMIT_LOC_STRINGS = YES;
				SWIFT_VERSION = 5.0;
				TARGETED_DEVICE_FAMILY = "1,2";
			};
			name = Release;
		};
/* End XCBuildConfiguration section */

/* Begin XCConfigurationList section */
		C08657CA298809D800477872 /* Build configuration list for PBXProject "TheCoctailsAPI" */ = {
			isa = XCConfigurationList;
			buildConfigurations = (
				C08657E1298809DA00477872 /* Debug */,
				C08657E2298809DA00477872 /* Release */,
			);
			defaultConfigurationIsVisible = 0;
			defaultConfigurationName = Release;
		};
		C08657E3298809DA00477872 /* Build configuration list for PBXNativeTarget "TheCoctailsAPI" */ = {
			isa = XCConfigurationList;
			buildConfigurations = (
				C08657E4298809DA00477872 /* Debug */,
				C08657E5298809DA00477872 /* Release */,
			);
			defaultConfigurationIsVisible = 0;
			defaultConfigurationName = Release;
		};
/* End XCConfigurationList section */

/* Begin XCRemoteSwiftPackageReference section */
		C03699D62998FEF40027AF5C /* XCRemoteSwiftPackageReference "AlamofireImage" */ = {
			isa = XCRemoteSwiftPackageReference;
			repositoryURL = "https://github.com/Alamofire/AlamofireImage.git";
			requirement = {
				kind = upToNextMajorVersion;
				minimumVersion = 4.0.0;
			};
		};
		C0B766DA2992852700EB020E /* XCRemoteSwiftPackageReference "Alamofire" */ = {
			isa = XCRemoteSwiftPackageReference;
			repositoryURL = "https://github.com/Alamofire/Alamofire.git";
			requirement = {
				kind = upToNextMajorVersion;
				minimumVersion = 5.0.0;
			};
		};
/* End XCRemoteSwiftPackageReference section */

/* Begin XCSwiftPackageProductDependency section */
		C03699D72998FEF40027AF5C /* AlamofireImage */ = {
			isa = XCSwiftPackageProductDependency;
			package = C03699D62998FEF40027AF5C /* XCRemoteSwiftPackageReference "AlamofireImage" */;
			productName = AlamofireImage;
		};
		C0B766DB2992852700EB020E /* Alamofire */ = {
			isa = XCSwiftPackageProductDependency;
			package = C0B766DA2992852700EB020E /* XCRemoteSwiftPackageReference "Alamofire" */;
			productName = Alamofire;
		};
/* End XCSwiftPackageProductDependency section */
	};
	rootObject = C08657C7298809D800477872 /* Project object */;
}
